
Microsoft Visual Studio Solution File, Format Version 12.00
# Visual Studio Version 17
VisualStudioVersion = 17.6.33717.318
MinimumVisualStudioVersion = 10.0.40219.1
Project("{FAE04EC0-301F-11D3-BF4B-00C04F79EFBC}") = "API", "API.csproj", "{86192C6A-63F1-46F4-8DAA-5E028A467DDE}"
EndProject
Global
	GlobalSection(SolutionConfigurationPlatforms) = preSolution
		Debug|Any CPU = Debug|Any CPU
		Release|Any CPU = Release|Any CPU
	EndGlobalSection
	GlobalSection(ProjectConfigurationPlatforms) = postSolution
		{86192C6A-63F1-46F4-8DAA-5E028A467DDE}.Debug|Any CPU.ActiveCfg = Debug|Any CPU
		{86192C6A-63F1-46F4-8DAA-5E028A467DDE}.Debug|Any CPU.Build.0 = Debug|Any CPU
		{86192C6A-63F1-46F4-8DAA-5E028A467DDE}.Release|Any CPU.ActiveCfg = Release|Any CPU
		{86192C6A-63F1-46F4-8DAA-5E028A467DDE}.Release|Any CPU.Build.0 = Release|Any CPU
	EndGlobalSection
	GlobalSection(SolutionProperties) = preSolution
		HideSolutionNode = FALSE
	EndGlobalSection
	GlobalSection(ExtensibilityGlobals) = postSolution
		SolutionGuid = {1D10D933-18DD-40D9-A67B-B474CD49AB5A}
	EndGlobalSection
EndGlobal
